
Microsoft Visual Studio Solution File, Format Version 12.00
# Visual Studio Version 17
VisualStudioVersion = 17.9.34728.123
MinimumVisualStudioVersion = 10.0.40219.1
Project("{9A19103F-16F7-4668-BE54-9A1E7A4F7556}") = "WebApi", "WebApi\WebApi.csproj", "{A5B58D94-8FAD-4BBD-B00E-255969180B00}"
EndProject
Project("{9A19103F-16F7-4668-BE54-9A1E7A4F7556}") = "Domain", "Domain\Domain.csproj", "{CA892628-2BA0-4F16-8284-E43995A5309C}"
EndProject
Project("{9A19103F-16F7-4668-BE54-9A1E7A4F7556}") = "Application", "Application\Application.csproj", "{B5C246F8-1370-4178-96E1-BDBE71A42E09}"
EndProject
Project("{9A19103F-16F7-4668-BE54-9A1E7A4F7556}") = "Infrastructure", "Infrastructure\Infrastructure.csproj", "{6E22B398-7DA6-48D0-B663-01296F938A57}"
EndProject
Project("{2150E333-8FDC-42A3-9474-1A3956D46DE8}") = "tests", "tests", "{291BF621-165E-448F-85BB-3B3EA524C2E9}"
EndProject
Project("{9A19103F-16F7-4668-BE54-9A1E7A4F7556}") = "Application.FunctionalTests", "Application.FunctionalTests\Application.FunctionalTests.csproj", "{9409528A-02B6-4548-A142-732B463BC5E8}"
EndProject
Project("{FAE04EC0-301F-11D3-BF4B-00C04F79EFBC}") = "Application.UnitTest", "Application.UnitTest\Application.UnitTest.csproj", "{2BC9B4B6-9850-48F3-84DE-7865BEF2A1E6}"
EndProject
Global
	GlobalSection(SolutionConfigurationPlatforms) = preSolution
		Debug|Any CPU = Debug|Any CPU
		Release|Any CPU = Release|Any CPU
	EndGlobalSection
	GlobalSection(ProjectConfigurationPlatforms) = postSolution
		{A5B58D94-8FAD-4BBD-B00E-255969180B00}.Debug|Any CPU.ActiveCfg = Debug|Any CPU
		{A5B58D94-8FAD-4BBD-B00E-255969180B00}.Debug|Any CPU.Build.0 = Debug|Any CPU
		{A5B58D94-8FAD-4BBD-B00E-255969180B00}.Release|Any CPU.ActiveCfg = Release|Any CPU
		{A5B58D94-8FAD-4BBD-B00E-255969180B00}.Release|Any CPU.Build.0 = Release|Any CPU
		{CA892628-2BA0-4F16-8284-E43995A5309C}.Debug|Any CPU.ActiveCfg = Debug|Any CPU
		{CA892628-2BA0-4F16-8284-E43995A5309C}.Debug|Any CPU.Build.0 = Debug|Any CPU
		{CA892628-2BA0-4F16-8284-E43995A5309C}.Release|Any CPU.ActiveCfg = Release|Any CPU
		{CA892628-2BA0-4F16-8284-E43995A5309C}.Release|Any CPU.Build.0 = Release|Any CPU
		{B5C246F8-1370-4178-96E1-BDBE71A42E09}.Debug|Any CPU.ActiveCfg = Debug|Any CPU
		{B5C246F8-1370-4178-96E1-BDBE71A42E09}.Debug|Any CPU.Build.0 = Debug|Any CPU
		{B5C246F8-1370-4178-96E1-BDBE71A42E09}.Release|Any CPU.ActiveCfg = Release|Any CPU
		{B5C246F8-1370-4178-96E1-BDBE71A42E09}.Release|Any CPU.Build.0 = Release|Any CPU
		{6E22B398-7DA6-48D0-B663-01296F938A57}.Debug|Any CPU.ActiveCfg = Debug|Any CPU
		{6E22B398-7DA6-48D0-B663-01296F938A57}.Debug|Any CPU.Build.0 = Debug|Any CPU
		{6E22B398-7DA6-48D0-B663-01296F938A57}.Release|Any CPU.ActiveCfg = Release|Any CPU
		{6E22B398-7DA6-48D0-B663-01296F938A57}.Release|Any CPU.Build.0 = Release|Any CPU
		{9409528A-02B6-4548-A142-732B463BC5E8}.Debug|Any CPU.ActiveCfg = Debug|Any CPU
		{9409528A-02B6-4548-A142-732B463BC5E8}.Debug|Any CPU.Build.0 = Debug|Any CPU
		{9409528A-02B6-4548-A142-732B463BC5E8}.Release|Any CPU.ActiveCfg = Release|Any CPU
		{9409528A-02B6-4548-A142-732B463BC5E8}.Release|Any CPU.Build.0 = Release|Any CPU
		{2BC9B4B6-9850-48F3-84DE-7865BEF2A1E6}.Debug|Any CPU.ActiveCfg = Debug|Any CPU
		{2BC9B4B6-9850-48F3-84DE-7865BEF2A1E6}.Debug|Any CPU.Build.0 = Debug|Any CPU
		{2BC9B4B6-9850-48F3-84DE-7865BEF2A1E6}.Release|Any CPU.ActiveCfg = Release|Any CPU
		{2BC9B4B6-9850-48F3-84DE-7865BEF2A1E6}.Release|Any CPU.Build.0 = Release|Any CPU
	EndGlobalSection
	GlobalSection(SolutionProperties) = preSolution
		HideSolutionNode = FALSE
	EndGlobalSection
	GlobalSection(NestedProjects) = preSolution
		{9409528A-02B6-4548-A142-732B463BC5E8} = {291BF621-165E-448F-85BB-3B3EA524C2E9}
		{2BC9B4B6-9850-48F3-84DE-7865BEF2A1E6} = {291BF621-165E-448F-85BB-3B3EA524C2E9}
	EndGlobalSection
	GlobalSection(ExtensibilityGlobals) = postSolution
		SolutionGuid = {4251EB82-EE80-40CD-88F3-8F717B40B379}
	EndGlobalSection
EndGlobal
